{
  "name": "hw_ajs",
  "version": "1.0.0",
  "lockfileVersion": 3,
  "requires": true,
  "packages": {
    "": {
      "name": "hw_ajs",
      "version": "1.0.0",
      "license": "ISC",
      "dependencies": {
        "@a-fierce/hw": "^1.0.0"
      }
    },
    "node_modules/@a-fierce/hw": {
      "version": "1.0.0",
      "resolved": "https://npm.pkg.github.com/download/@a-fierce/hw/1.0.0/fa65b8073883371b273e08e23e3050a74619a8bf",
      "integrity": "sha512-aFEPBMMUR+5Bk39hyDya3GYc7AJm06GvHbcUccqa2gbEpSBmtVNIMmu/ManR2Crw7oaNWOOxbhQL2fVIkGk8NA==",
      "license": "ISC"
    }
  }
}
